// !$*UTF8*$!
{
	archiveVersion = 1;
	classes = {
	};
	objectVersion = 46;
	objects = {

/* Begin PBXBuildFile section */
		E919A3621A56535200B9F250 /* main.m in Sources */ = {isa = PBXBuildFile; fileRef = E919A3611A56535200B9F250 /* main.m */; };
		E919A3651A56535200B9F250 /* AppDelegate.m in Sources */ = {isa = PBXBuildFile; fileRef = E919A3641A56535200B9F250 /* AppDelegate.m */; };
		E919A3681A56535200B9F250 /* ViewController.m in Sources */ = {isa = PBXBuildFile; fileRef = E919A3671A56535200B9F250 /* ViewController.m */; };
		E919A36B1A56535200B9F250 /* Main.storyboard in Resources */ = {isa = PBXBuildFile; fileRef = E919A3691A56535200B9F250 /* Main.storyboard */; };
		E919A36D1A56535200B9F250 /* Images.xcassets in Resources */ = {isa = PBXBuildFile; fileRef = E919A36C1A56535200B9F250 /* Images.xcassets */; };
		E919A3701A56535200B9F250 /* LaunchScreen.xib in Resources */ = {isa = PBXBuildFile; fileRef = E919A36E1A56535200B9F250 /* LaunchScreen.xib */; };
		E919A37C1A56535200B9F250 /* Dota2APITests.m in Sources */ = {isa = PBXBuildFile; fileRef = E919A37B1A56535200B9F250 /* Dota2APITests.m */; };
		E919A3861A56536200B9F250 /* Dota2API.h in Sources */ = {isa = PBXBuildFile; fileRef = E919A3851A56536200B9F250 /* Dota2API.h */; };
		E919A3881A56537400B9F250 /* Dota2API.m in Sources */ = {isa = PBXBuildFile; fileRef = E919A3871A56537400B9F250 /* Dota2API.m */; };
/* End PBXBuildFile section */

/* Begin PBXContainerItemProxy section */
		E919A3761A56535200B9F250 /* PBXContainerItemProxy */ = {
			isa = PBXContainerItemProxy;
			containerPortal = E919A3541A56535200B9F250 /* Project object */;
			proxyType = 1;
			remoteGlobalIDString = E919A35B1A56535200B9F250;
			remoteInfo = Dota2API;
		};
/* End PBXContainerItemProxy section */

/* Begin PBXFileReference section */
		E919A35C1A56535200B9F250 /* Dota2API.app */ = {isa = PBXFileReference; explicitFileType = wrapper.application; includeInIndex = 0; path = Dota2API.app; sourceTree = BUILT_PRODUCTS_DIR; };
		E919A3601A56535200B9F250 /* Info.plist */ = {isa = PBXFileReference; lastKnownFileType = text.plist.xml; path = Info.plist; sourceTree = "<group>"; };
		E919A3611A56535200B9F250 /* main.m */ = {isa = PBXFileReference; lastKnownFileType = sourcecode.c.objc; path = main.m; sourceTree = "<group>"; };
		E919A3631A56535200B9F250 /* AppDelegate.h */ = {isa = PBXFileReference; lastKnownFileType = sourcecode.c.h; path = AppDelegate.h; sourceTree = "<group>"; };
		E919A3641A56535200B9F250 /* AppDelegate.m */ = {isa = PBXFileReference; lastKnownFileType = sourcecode.c.objc; path = AppDelegate.m; sourceTree = "<group>"; };
		E919A3661A56535200B9F250 /* ViewController.h */ = {isa = PBXFileReference; lastKnownFileType = sourcecode.c.h; path = ViewController.h; sourceTree = "<group>"; };
		E919A3671A56535200B9F250 /* ViewController.m */ = {isa = PBXFileReference; lastKnownFileType = sourcecode.c.objc; path = ViewController.m; sourceTree = "<group>"; };
		E919A36A1A56535200B9F250 /* Base */ = {isa = PBXFileReference; lastKnownFileType = file.storyboard; name = Base; path = Base.lproj/Main.storyboard; sourceTree = "<group>"; };
		E919A36C1A56535200B9F250 /* Images.xcassets */ = {isa = PBXFileReference; lastKnownFileType = folder.assetcatalog; path = Images.xcassets; sourceTree = "<group>"; };
		E919A36F1A56535200B9F250 /* Base */ = {isa = PBXFileReference; lastKnownFileType = file.xib; name = Base; path = Base.lproj/LaunchScreen.xib; sourceTree = "<group>"; };
		E919A3751A56535200B9F250 /* Dota2APITests.xctest */ = {isa = PBXFileReference; explicitFileType = wrapper.cfbundle; includeInIndex = 0; path = Dota2APITests.xctest; sourceTree = BUILT_PRODUCTS_DIR; };
		E919A37A1A56535200B9F250 /* Info.plist */ = {isa = PBXFileReference; lastKnownFileType = text.plist.xml; path = Info.plist; sourceTree = "<group>"; };
		E919A37B1A56535200B9F250 /* Dota2APITests.m */ = {isa = PBXFileReference; lastKnownFileType = sourcecode.c.objc; path = Dota2APITests.m; sourceTree = "<group>"; };
		E919A3851A56536200B9F250 /* Dota2API.h */ = {isa = PBXFileReference; fileEncoding = 4; lastKnownFileType = sourcecode.c.h; path = Dota2API.h; sourceTree = "<group>"; };
		E919A3871A56537400B9F250 /* Dota2API.m */ = {isa = PBXFileReference; fileEncoding = 4; lastKnownFileType = sourcecode.c.objc; path = Dota2API.m; sourceTree = "<group>"; };
/* End PBXFileReference section */

/* Begin PBXFrameworksBuildPhase section */
		E919A3591A56535200B9F250 /* Frameworks */ = {
			isa = PBXFrameworksBuildPhase;
			buildActionMask = 2147483647;
			files = (
			);
			runOnlyForDeploymentPostprocessing = 0;
		};
		E919A3721A56535200B9F250 /* Frameworks */ = {
			isa = PBXFrameworksBuildPhase;
			buildActionMask = 2147483647;
			files = (
			);
			runOnlyForDeploymentPostprocessing = 0;
		};
/* End PBXFrameworksBuildPhase section */

/* Begin PBXGroup section */
		E919A3531A56535200B9F250 = {
			isa = PBXGroup;
			children = (
				E919A35E1A56535200B9F250 /* Dota2API */,
				E919A3781A56535200B9F250 /* Dota2APITests */,
				E919A35D1A56535200B9F250 /* Products */,
			);
			sourceTree = "<group>";
		};
		E919A35D1A56535200B9F250 /* Products */ = {
			isa = PBXGroup;
			children = (
				E919A35C1A56535200B9F250 /* Dota2API.app */,
				E919A3751A56535200B9F250 /* Dota2APITests.xctest */,
			);
			name = Products;
			sourceTree = "<group>";
		};
		E919A35E1A56535200B9F250 /* Dota2API */ = {
			isa = PBXGroup;
			children = (
				E919A3631A56535200B9F250 /* AppDelegate.h */,
				E919A3641A56535200B9F250 /* AppDelegate.m */,
				E919A3661A56535200B9F250 /* ViewController.h */,
				E919A3671A56535200B9F250 /* ViewController.m */,
				E919A3851A56536200B9F250 /* Dota2API.h */,
				E919A3871A56537400B9F250 /* Dota2API.m */,
				E919A3691A56535200B9F250 /* Main.storyboard */,
				E919A36C1A56535200B9F250 /* Images.xcassets */,
				E919A36E1A56535200B9F250 /* LaunchScreen.xib */,
				E919A35F1A56535200B9F250 /* Supporting Files */,
			);
			path = Dota2API;
			sourceTree = "<group>";
		};
		E919A35F1A56535200B9F250 /* Supporting Files */ = {
			isa = PBXGroup;
			children = (
				E919A3601A56535200B9F250 /* Info.plist */,
				E919A3611A56535200B9F250 /* main.m */,
			);
			name = "Supporting Files";
			sourceTree = "<group>";
		};
		E919A3781A56535200B9F250 /* Dota2APITests */ = {
			isa = PBXGroup;
			children = (
				E919A37B1A56535200B9F250 /* Dota2APITests.m */,
				E919A3791A56535200B9F250 /* Supporting Files */,
			);
			path = Dota2APITests;
			sourceTree = "<group>";
		};
		E919A3791A56535200B9F250 /* Supporting Files */ = {
			isa = PBXGroup;
			children = (
				E919A37A1A56535200B9F250 /* Info.plist */,
			);
			name = "Supporting Files";
			sourceTree = "<group>";
		};
/* End PBXGroup section */

/* Begin PBXNativeTarget section */
		E919A35B1A56535200B9F250 /* Dota2API */ = {
			isa = PBXNativeTarget;
			buildConfigurationList = E919A37F1A56535200B9F250 /* Build configuration list for PBXNativeTarget "Dota2API" */;
			buildPhases = (
				E919A3581A56535200B9F250 /* Sources */,
				E919A3591A56535200B9F250 /* Frameworks */,
				E919A35A1A56535200B9F250 /* Resources */,
			);
			buildRules = (
			);
			dependencies = (
			);
			name = Dota2API;
			productName = Dota2API;
			productReference = E919A35C1A56535200B9F250 /* Dota2API.app */;
			productType = "com.apple.product-type.application";
		};
		E919A3741A56535200B9F250 /* Dota2APITests */ = {
			isa = PBXNativeTarget;
			buildConfigurationList = E919A3821A56535200B9F250 /* Build configuration list for PBXNativeTarget "Dota2APITests" */;
			buildPhases = (
				E919A3711A56535200B9F250 /* Sources */,
				E919A3721A56535200B9F250 /* Frameworks */,
				E919A3731A56535200B9F250 /* Resources */,
			);
			buildRules = (
			);
			dependencies = (
				E919A3771A56535200B9F250 /* PBXTargetDependency */,
			);
			name = Dota2APITests;
			productName = Dota2APITests;
			productReference = E919A3751A56535200B9F250 /* Dota2APITests.xctest */;
			productType = "com.apple.product-type.bundle.unit-test";
		};
/* End PBXNativeTarget section */

/* Begin PBXProject section */
		E919A3541A56535200B9F250 /* Project object */ = {
			isa = PBXProject;
			attributes = {
				LastUpgradeCheck = 0610;
				ORGANIZATIONNAME = michaelchum;
				TargetAttributes = {
					E919A35B1A56535200B9F250 = {
						CreatedOnToolsVersion = 6.1.1;
					};
					E919A3741A56535200B9F250 = {
						CreatedOnToolsVersion = 6.1.1;
						TestTargetID = E919A35B1A56535200B9F250;
					};
				};
			};
			buildConfigurationList = E919A3571A56535200B9F250 /* Build configuration list for PBXProject "Dota2API" */;
			compatibilityVersion = "Xcode 3.2";
			developmentRegion = English;
			hasScannedForEncodings = 0;
			knownRegions = (
				en,
				Base,
			);
			mainGroup = E919A3531A56535200B9F250;
			productRefGroup = E919A35D1A56535200B9F250 /* Products */;
			projectDirPath = "";
			projectRoot = "";
			targets = (
				E919A35B1A56535200B9F250 /* Dota2API */,
				E919A3741A56535200B9F250 /* Dota2APITests */,
			);
		};
/* End PBXProject section */

/* Begin PBXResourcesBuildPhase section */
		E919A35A1A56535200B9F250 /* Resources */ = {
			isa = PBXResourcesBuildPhase;
			buildActionMask = 2147483647;
			files = (
				E919A36B1A56535200B9F250 /* Main.storyboard in Resources */,
				E919A3701A56535200B9F250 /* LaunchScreen.xib in Resources */,
				E919A36D1A56535200B9F250 /* Images.xcassets in Resources */,
			);
			runOnlyForDeploymentPostprocessing = 0;
		};
		E919A3731A56535200B9F250 /* Resources */ = {
			isa = PBXResourcesBuildPhase;
			buildActionMask = 2147483647;
			files = (
			);
			runOnlyForDeploymentPostprocessing = 0;
		};
/* End PBXResourcesBuildPhase section */

/* Begin PBXSourcesBuildPhase section */
		E919A3581A56535200B9F250 /* Sources */ = {
			isa = PBXSourcesBuildPhase;
			buildActionMask = 2147483647;
			files = (
				E919A3681A56535200B9F250 /* ViewController.m in Sources */,
				E919A3861A56536200B9F250 /* Dota2API.h in Sources */,
				E919A3881A56537400B9F250 /* Dota2API.m in Sources */,
				E919A3651A56535200B9F250 /* AppDelegate.m in Sources */,
				E919A3621A56535200B9F250 /* main.m in Sources */,
			);
			runOnlyForDeploymentPostprocessing = 0;
		};
		E919A3711A56535200B9F250 /* Sources */ = {
			isa = PBXSourcesBuildPhase;
			buildActionMask = 2147483647;
			files = (
				E919A37C1A56535200B9F250 /* Dota2APITests.m in Sources */,
			);
			runOnlyForDeploymentPostprocessing = 0;
		};
/* End PBXSourcesBuildPhase section */

/* Begin PBXTargetDependency section */
		E919A3771A56535200B9F250 /* PBXTargetDependency */ = {
			isa = PBXTargetDependency;
			target = E919A35B1A56535200B9F250 /* Dota2API */;
			targetProxy = E919A3761A56535200B9F250 /* PBXContainerItemProxy */;
		};
/* End PBXTargetDependency section */

/* Begin PBXVariantGroup section */
		E919A3691A56535200B9F250 /* Main.storyboard */ = {
			isa = PBXVariantGroup;
			children = (
				E919A36A1A56535200B9F250 /* Base */,
			);
			name = Main.storyboard;
			sourceTree = "<group>";
		};
		E919A36E1A56535200B9F250 /* LaunchScreen.xib */ = {
			isa = PBXVariantGroup;
			children = (
				E919A36F1A56535200B9F250 /* Base */,
			);
			name = LaunchScreen.xib;
			sourceTree = "<group>";
		};
/* End PBXVariantGroup section */

/* Begin XCBuildConfiguration section */
		E919A37D1A56535200B9F250 /* Debug */ = {
			isa = XCBuildConfiguration;
			buildSettings = {
				ALWAYS_SEARCH_USER_PATHS = NO;
				CLANG_CXX_LANGUAGE_STANDARD = "gnu++0x";
				CLANG_CXX_LIBRARY = "libc++";
				CLANG_ENABLE_MODULES = YES;
				CLANG_ENABLE_OBJC_ARC = YES;
				CLANG_WARN_BOOL_CONVERSION = YES;
				CLANG_WARN_CONSTANT_CONVERSION = YES;
				CLANG_WARN_DIRECT_OBJC_ISA_USAGE = YES_ERROR;
				CLANG_WARN_EMPTY_BODY = YES;
				CLANG_WARN_ENUM_CONVERSION = YES;
				CLANG_WARN_INT_CONVERSION = YES;
				CLANG_WARN_OBJC_ROOT_CLASS = YES_ERROR;
				CLANG_WARN_UNREACHABLE_CODE = YES;
				CLANG_WARN__DUPLICATE_METHOD_MATCH = YES;
				"CODE_SIGN_IDENTITY[sdk=iphoneos*]" = "iPhone Developer";
				COPY_PHASE_STRIP = NO;
				ENABLE_STRICT_OBJC_MSGSEND = YES;
				GCC_C_LANGUAGE_STANDARD = gnu99;
				GCC_DYNAMIC_NO_PIC = NO;
				GCC_OPTIMIZATION_LEVEL = 0;
				GCC_PREPROCESSOR_DEFINITIONS = (
					"DEBUG=1",
					"$(inherited)",
				);
				GCC_SYMBOLS_PRIVATE_EXTERN = NO;
				GCC_WARN_64_TO_32_BIT_CONVERSION = YES;
				GCC_WARN_ABOUT_RETURN_TYPE = YES_ERROR;
				GCC_WARN_UNDECLARED_SELECTOR = YES;
				GCC_WARN_UNINITIALIZED_AUTOS = YES_AGGRESSIVE;
				GCC_WARN_UNUSED_FUNCTION = YES;
				GCC_WARN_UNUSED_VARIABLE = YES;
				IPHONEOS_DEPLOYMENT_TARGET = 8.1;
				MTL_ENABLE_DEBUG_INFO = YES;
				ONLY_ACTIVE_ARCH = YES;
				SDKROOT = iphoneos;
				TARGETED_DEVICE_FAMILY = "1,2";
			};
			name = Debug;
		};
		E919A37E1A56535200B9F250 /* Release */ = {
			isa = XCBuildConfiguration;
			buildSettings = {
				ALWAYS_SEARCH_USER_PATHS = NO;
				CLANG_CXX_LANGUAGE_STANDARD = "gnu++0x";
				CLANG_CXX_LIBRARY = "libc++";
				CLANG_ENABLE_MODULES = YES;
				CLANG_ENABLE_OBJC_ARC = YES;
				CLANG_WARN_BOOL_CONVERSION = YES;
				CLANG_WARN_CONSTANT_CONVERSION = YES;
				CLANG_WARN_DIRECT_OBJC_ISA_USAGE = YES_ERROR;
				CLANG_WARN_EMPTY_BODY = YES;
				CLANG_WARN_ENUM_CONVERSION = YES;
				CLANG_WARN_INT_CONVERSION = YES;
				CLANG_WARN_OBJC_ROOT_CLASS = YES_ERROR;
				CLANG_WARN_UNREACHABLE_CODE = YES;
				CLANG_WARN__DUPLICATE_METHOD_MATCH = YES;
				"CODE_SIGN_IDENTITY[sdk=iphoneos*]" = "iPhone Developer";
				COPY_PHASE_STRIP = YES;
				ENABLE_NS_ASSERTIONS = NO;
				ENABLE_STRICT_OBJC_MSGSEND = YES;
				GCC_C_LANGUAGE_STANDARD = gnu99;
				GCC_WARN_64_TO_32_BIT_CONVERSION = YES;
				GCC_WARN_ABOUT_RETURN_TYPE = YES_ERROR;
				GCC_WARN_UNDECLARED_SELECTOR = YES;
				GCC_WARN_UNINITIALIZED_AUTOS = YES_AGGRESSIVE;
				GCC_WARN_UNUSED_FUNCTION = YES;
				GCC_WARN_UNUSED_VARIABLE = YES;
				IPHONEOS_DEPLOYMENT_TARGET = 8.1;
				MTL_ENABLE_DEBUG_INFO = NO;
				SDKROOT = iphoneos;
				TARGETED_DEVICE_FAMILY = "1,2";
				VALIDATE_PRODUCT = YES;
			};
			name = Release;
		};
		E919A3801A56535200B9F250 /* Debug */ = {
			isa = XCBuildConfiguration;
			buildSettings = {
				ASSETCATALOG_COMPILER_APPICON_NAME = AppIcon;
				INFOPLIST_FILE = Dota2API/Info.plist;
				LD_RUNPATH_SEARCH_PATHS = "$(inherited) @executable_path/Frameworks";
				PRODUCT_NAME = "$(TARGET_NAME)";
			};
			name = Debug;
		};
		E919A3811A56535200B9F250 /* Release */ = {
			isa = XCBuildConfiguration;
			buildSettings = {
				ASSETCATALOG_COMPILER_APPICON_NAME = AppIcon;
				INFOPLIST_FILE = Dota2API/Info.plist;
				LD_RUNPATH_SEARCH_PATHS = "$(inherited) @executable_path/Frameworks";
				PRODUCT_NAME = "$(TARGET_NAME)";
			};
			name = Release;
		};
		E919A3831A56535200B9F250 /* Debug */ = {
			isa = XCBuildConfiguration;
			buildSettings = {
				BUNDLE_LOADER = "$(TEST_HOST)";
				FRAMEWORK_SEARCH_PATHS = (
					"$(SDKROOT)/Developer/Library/Frameworks",
					"$(inherited)",
				);
				GCC_PREPROCESSOR_DEFINITIONS = (
					"DEBUG=1",
					"$(inherited)",
				);
				INFOPLIST_FILE = Dota2APITests/Info.plist;
				LD_RUNPATH_SEARCH_PATHS = "$(inherited) @executable_path/Frameworks @loader_path/Frameworks";
				PRODUCT_NAME = "$(TARGET_NAME)";
				TEST_HOST = "$(BUILT_PRODUCTS_DIR)/Dota2API.app/Dota2API";
			};
			name = Debug;
		};
		E919A3841A56535200B9F250 /* Release */ = {
			isa = XCBuildConfiguration;
			buildSettings = {
				BUNDLE_LOADER = "$(TEST_HOST)";
				FRAMEWORK_SEARCH_PATHS = (
					"$(SDKROOT)/Developer/Library/Frameworks",
					"$(inherited)",
				);
				INFOPLIST_FILE = Dota2APITests/Info.plist;
				LD_RUNPATH_SEARCH_PATHS = "$(inherited) @executable_path/Frameworks @loader_path/Frameworks";
				PRODUCT_NAME = "$(TARGET_NAME)";
				TEST_HOST = "$(BUILT_PRODUCTS_DIR)/Dota2API.app/Dota2API";
			};
			name = Release;
		};
/* End XCBuildConfiguration section */

/* Begin XCConfigurationList section */
		E919A3571A56535200B9F250 /* Build configuration list for PBXProject "Dota2API" */ = {
			isa = XCConfigurationList;
			buildConfigurations = (
				E919A37D1A56535200B9F250 /* Debug */,
				E919A37E1A56535200B9F250 /* Release */,
			);
			defaultConfigurationIsVisible = 0;
			defaultConfigurationName = Release;
		};
		E919A37F1A56535200B9F250 /* Build configuration list for PBXNativeTarget "Dota2API" */ = {
			isa = XCConfigurationList;
			buildConfigurations = (
				E919A3801A56535200B9F250 /* Debug */,
				E919A3811A56535200B9F250 /* Release */,
			);
			defaultConfigurationIsVisible = 0;
		};
		E919A3821A56535200B9F250 /* Build configuration list for PBXNativeTarget "Dota2APITests" */ = {
			isa = XCConfigurationList;
			buildConfigurations = (
				E919A3831A56535200B9F250 /* Debug */,
				E919A3841A56535200B9F250 /* Release */,
			);
			defaultConfigurationIsVisible = 0;
		};
/* End XCConfigurationList section */
	};
	rootObject = E919A3541A56535200B9F250 /* Project object */;
}
